
Microsoft Visual Studio Solution File, Format Version 12.00
# Visual Studio Version 16
VisualStudioVersion = 16.0.31205.134
MinimumVisualStudioVersion = 10.0.40219.1
Project("{9A19103F-16F7-4668-BE54-9A1E7A4F7556}") = "LuuTruMatKhau", "LuuTruMatKhau\LuuTruMatKhau.csproj", "{79B1CE2D-95DD-4520-BB41-B77A3D3AC54C}"
EndProject
Project("{FAE04EC0-301F-11D3-BF4B-00C04F79EFBC}") = "LuuTruMatKhau.DataAccess", "LuuTruMatKhau.DataAccess\LuuTruMatKhau.DataAccess.csproj", "{9A41F336-EDB0-4279-B484-C6BE3D7DCA7E}"
EndProject
Project("{FAE04EC0-301F-11D3-BF4B-00C04F79EFBC}") = "LuuTruMatKhau.Services", "LuuTruMatKhau.Services\LuuTruMatKhau.Services.csproj", "{20B4885E-9BF9-46F5-A31D-2EB02C2D2FCD}"
EndProject
Project("{FAE04EC0-301F-11D3-BF4B-00C04F79EFBC}") = "LuuTruMatKhau.Model", "LuuTruMatKhau.Model\LuuTruMatKhau.Model.csproj", "{D5B471CE-54B5-474E-BBD6-FF540E5AE662}"
EndProject
Global
	GlobalSection(SolutionConfigurationPlatforms) = preSolution
		Debug|Any CPU = Debug|Any CPU
		Release|Any CPU = Release|Any CPU
	EndGlobalSection
	GlobalSection(ProjectConfigurationPlatforms) = postSolution
		{79B1CE2D-95DD-4520-BB41-B77A3D3AC54C}.Debug|Any CPU.ActiveCfg = Debug|Any CPU
		{79B1CE2D-95DD-4520-BB41-B77A3D3AC54C}.Debug|Any CPU.Build.0 = Debug|Any CPU
		{79B1CE2D-95DD-4520-BB41-B77A3D3AC54C}.Release|Any CPU.ActiveCfg = Release|Any CPU
		{79B1CE2D-95DD-4520-BB41-B77A3D3AC54C}.Release|Any CPU.Build.0 = Release|Any CPU
		{9A41F336-EDB0-4279-B484-C6BE3D7DCA7E}.Debug|Any CPU.ActiveCfg = Debug|Any CPU
		{9A41F336-EDB0-4279-B484-C6BE3D7DCA7E}.Debug|Any CPU.Build.0 = Debug|Any CPU
		{9A41F336-EDB0-4279-B484-C6BE3D7DCA7E}.Release|Any CPU.ActiveCfg = Release|Any CPU
		{9A41F336-EDB0-4279-B484-C6BE3D7DCA7E}.Release|Any CPU.Build.0 = Release|Any CPU
		{20B4885E-9BF9-46F5-A31D-2EB02C2D2FCD}.Debug|Any CPU.ActiveCfg = Debug|Any CPU
		{20B4885E-9BF9-46F5-A31D-2EB02C2D2FCD}.Debug|Any CPU.Build.0 = Debug|Any CPU
		{20B4885E-9BF9-46F5-A31D-2EB02C2D2FCD}.Release|Any CPU.ActiveCfg = Release|Any CPU
		{20B4885E-9BF9-46F5-A31D-2EB02C2D2FCD}.Release|Any CPU.Build.0 = Release|Any CPU
		{D5B471CE-54B5-474E-BBD6-FF540E5AE662}.Debug|Any CPU.ActiveCfg = Debug|Any CPU
		{D5B471CE-54B5-474E-BBD6-FF540E5AE662}.Debug|Any CPU.Build.0 = Debug|Any CPU
		{D5B471CE-54B5-474E-BBD6-FF540E5AE662}.Release|Any CPU.ActiveCfg = Release|Any CPU
		{D5B471CE-54B5-474E-BBD6-FF540E5AE662}.Release|Any CPU.Build.0 = Release|Any CPU
	EndGlobalSection
	GlobalSection(SolutionProperties) = preSolution
		HideSolutionNode = FALSE
	EndGlobalSection
	GlobalSection(ExtensibilityGlobals) = postSolution
		SolutionGuid = {B4073040-D7C7-49AF-BD1C-D08B3285DDF2}
	EndGlobalSection
EndGlobal
